
Microsoft Visual Studio Solution File, Format Version 12.00
# Visual Studio 2012
Project("{FAE04EC0-301F-11D3-BF4B-00C04F79EFBC}") = "ChatExampleClient", "ChatExampleClient\ChatExampleClient.csproj", "{65D2784C-BBA0-4EE5-A0A2-CA9C09FD96FF}"
EndProject
Project("{FAE04EC0-301F-11D3-BF4B-00C04F79EFBC}") = "ChatExampleServer", "ChatExampleServer\ChatExampleServer.csproj", "{66D1448E-A629-42B6-BE1F-28DB0B7B8C70}"
EndProject
Project("{FAE04EC0-301F-11D3-BF4B-00C04F79EFBC}") = "Sample", "Sample\Sample.csproj", "{2E53344D-3EF3-40F6-9C5D-861A43AAB76E}"
EndProject
Global
	GlobalSection(SolutionConfigurationPlatforms) = preSolution
		Debug|Any CPU = Debug|Any CPU
		Release|Any CPU = Release|Any CPU
	EndGlobalSection
	GlobalSection(ProjectConfigurationPlatforms) = postSolution
		{65D2784C-BBA0-4EE5-A0A2-CA9C09FD96FF}.Debug|Any CPU.ActiveCfg = Debug|Any CPU
		{65D2784C-BBA0-4EE5-A0A2-CA9C09FD96FF}.Debug|Any CPU.Build.0 = Debug|Any CPU
		{65D2784C-BBA0-4EE5-A0A2-CA9C09FD96FF}.Release|Any CPU.ActiveCfg = Release|Any CPU
		{65D2784C-BBA0-4EE5-A0A2-CA9C09FD96FF}.Release|Any CPU.Build.0 = Release|Any CPU
		{66D1448E-A629-42B6-BE1F-28DB0B7B8C70}.Debug|Any CPU.ActiveCfg = Debug|Any CPU
		{66D1448E-A629-42B6-BE1F-28DB0B7B8C70}.Debug|Any CPU.Build.0 = Debug|Any CPU
		{66D1448E-A629-42B6-BE1F-28DB0B7B8C70}.Release|Any CPU.ActiveCfg = Release|Any CPU
		{66D1448E-A629-42B6-BE1F-28DB0B7B8C70}.Release|Any CPU.Build.0 = Release|Any CPU
		{2E53344D-3EF3-40F6-9C5D-861A43AAB76E}.Debug|Any CPU.ActiveCfg = Debug|Any CPU
		{2E53344D-3EF3-40F6-9C5D-861A43AAB76E}.Debug|Any CPU.Build.0 = Debug|Any CPU
		{2E53344D-3EF3-40F6-9C5D-861A43AAB76E}.Release|Any CPU.ActiveCfg = Release|Any CPU
		{2E53344D-3EF3-40F6-9C5D-861A43AAB76E}.Release|Any CPU.Build.0 = Release|Any CPU
	EndGlobalSection
	GlobalSection(SolutionProperties) = preSolution
		HideSolutionNode = FALSE
	EndGlobalSection
EndGlobal
